
Microsoft Visual Studio Solution File, Format Version 12.00
# Visual Studio Version 17
VisualStudioVersion = 17.2.32505.173
MinimumVisualStudioVersion = 10.0.40219.1
Project("{9A19103F-16F7-4668-BE54-9A1E7A4F7556}") = "ProfilesManager.API", "ProfilesManager.API\ProfilesManager.API.csproj", "{963B22B7-400D-4A4B-BFFF-99D399B0E18A}"
EndProject
Project("{9A19103F-16F7-4668-BE54-9A1E7A4F7556}") = "ProfilesManager.Domain", "ProfilesManager.Domain\ProfilesManager.Domain.csproj", "{A38BD739-9602-47B5-B8D6-D95F7C2C17FB}"
EndProject
Project("{9A19103F-16F7-4668-BE54-9A1E7A4F7556}") = "ProfilesManager.Persistence", "ProfilesManager.Persistence\ProfilesManager.Persistence.csproj", "{872B62CC-C5BC-47E1-A342-E31A4E1CB6BE}"
EndProject
Project("{9A19103F-16F7-4668-BE54-9A1E7A4F7556}") = "ProfilesManager.Presentation", "ProfilesManager.Presentation\ProfilesManager.Presentation.csproj", "{902C6AEC-5105-4536-A748-54971B5788F7}"
EndProject
Project("{9A19103F-16F7-4668-BE54-9A1E7A4F7556}") = "ProfilesManager.Contracts", "ProfilesManager.Contracts\ProfilesManager.Contracts.csproj", "{4FDC51A0-AEC2-4976-B3CE-DEB02CA74DE4}"
EndProject
Project("{9A19103F-16F7-4668-BE54-9A1E7A4F7556}") = "ProfilesManager.Services", "ProfilesManager.Service\ProfilesManager.Services.csproj", "{F76AE8A3-7773-45D6-AD32-3C72527EC414}"
EndProject
Project("{9A19103F-16F7-4668-BE54-9A1E7A4F7556}") = "ProfilesManager.Services.Abstraction", "ProfilesManager.Services.Abstraction\ProfilesManager.Services.Abstraction.csproj", "{7760A95B-99BB-4120-980F-A2C362AB9AF2}"
EndProject
Project("{2150E333-8FDC-42A3-9474-1A3956D46DE8}") = "Core", "Core", "{B5A0B465-F57D-40BE-9580-E81DBB9E26FB}"
EndProject
Project("{2150E333-8FDC-42A3-9474-1A3956D46DE8}") = "Infrastructure", "Infrastructure", "{05F1A25A-A4D1-461B-AF30-0A688179D3B0}"
EndProject
Project("{9A19103F-16F7-4668-BE54-9A1E7A4F7556}") = "ModelsToRequest", "ModelsToRequest\ModelsToRequest.csproj", "{FCDD63DE-7561-4A40-BE52-5256664B127F}"
EndProject
Project("{9A19103F-16F7-4668-BE54-9A1E7A4F7556}") = "ProfilesManager.Messaging", "ProfilesManager.Messaging\ProfilesManager.Messaging.csproj", "{4E5A8710-1AE4-4E1A-A989-A90A3F0E5767}"
EndProject
Global
	GlobalSection(SolutionConfigurationPlatforms) = preSolution
		Debug|Any CPU = Debug|Any CPU
		Release|Any CPU = Release|Any CPU
	EndGlobalSection
	GlobalSection(ProjectConfigurationPlatforms) = postSolution
		{963B22B7-400D-4A4B-BFFF-99D399B0E18A}.Debug|Any CPU.ActiveCfg = Debug|Any CPU
		{963B22B7-400D-4A4B-BFFF-99D399B0E18A}.Debug|Any CPU.Build.0 = Debug|Any CPU
		{963B22B7-400D-4A4B-BFFF-99D399B0E18A}.Release|Any CPU.ActiveCfg = Release|Any CPU
		{963B22B7-400D-4A4B-BFFF-99D399B0E18A}.Release|Any CPU.Build.0 = Release|Any CPU
		{A38BD739-9602-47B5-B8D6-D95F7C2C17FB}.Debug|Any CPU.ActiveCfg = Debug|Any CPU
		{A38BD739-9602-47B5-B8D6-D95F7C2C17FB}.Debug|Any CPU.Build.0 = Debug|Any CPU
		{A38BD739-9602-47B5-B8D6-D95F7C2C17FB}.Release|Any CPU.ActiveCfg = Release|Any CPU
		{A38BD739-9602-47B5-B8D6-D95F7C2C17FB}.Release|Any CPU.Build.0 = Release|Any CPU
		{872B62CC-C5BC-47E1-A342-E31A4E1CB6BE}.Debug|Any CPU.ActiveCfg = Debug|Any CPU
		{872B62CC-C5BC-47E1-A342-E31A4E1CB6BE}.Debug|Any CPU.Build.0 = Debug|Any CPU
		{872B62CC-C5BC-47E1-A342-E31A4E1CB6BE}.Release|Any CPU.ActiveCfg = Release|Any CPU
		{872B62CC-C5BC-47E1-A342-E31A4E1CB6BE}.Release|Any CPU.Build.0 = Release|Any CPU
		{902C6AEC-5105-4536-A748-54971B5788F7}.Debug|Any CPU.ActiveCfg = Debug|Any CPU
		{902C6AEC-5105-4536-A748-54971B5788F7}.Debug|Any CPU.Build.0 = Debug|Any CPU
		{902C6AEC-5105-4536-A748-54971B5788F7}.Release|Any CPU.ActiveCfg = Release|Any CPU
		{902C6AEC-5105-4536-A748-54971B5788F7}.Release|Any CPU.Build.0 = Release|Any CPU
		{4FDC51A0-AEC2-4976-B3CE-DEB02CA74DE4}.Debug|Any CPU.ActiveCfg = Debug|Any CPU
		{4FDC51A0-AEC2-4976-B3CE-DEB02CA74DE4}.Debug|Any CPU.Build.0 = Debug|Any CPU
		{4FDC51A0-AEC2-4976-B3CE-DEB02CA74DE4}.Release|Any CPU.ActiveCfg = Release|Any CPU
		{4FDC51A0-AEC2-4976-B3CE-DEB02CA74DE4}.Release|Any CPU.Build.0 = Release|Any CPU
		{F76AE8A3-7773-45D6-AD32-3C72527EC414}.Debug|Any CPU.ActiveCfg = Debug|Any CPU
		{F76AE8A3-7773-45D6-AD32-3C72527EC414}.Debug|Any CPU.Build.0 = Debug|Any CPU
		{F76AE8A3-7773-45D6-AD32-3C72527EC414}.Release|Any CPU.ActiveCfg = Release|Any CPU
		{F76AE8A3-7773-45D6-AD32-3C72527EC414}.Release|Any CPU.Build.0 = Release|Any CPU
		{7760A95B-99BB-4120-980F-A2C362AB9AF2}.Debug|Any CPU.ActiveCfg = Debug|Any CPU
		{7760A95B-99BB-4120-980F-A2C362AB9AF2}.Debug|Any CPU.Build.0 = Debug|Any CPU
		{7760A95B-99BB-4120-980F-A2C362AB9AF2}.Release|Any CPU.ActiveCfg = Release|Any CPU
		{7760A95B-99BB-4120-980F-A2C362AB9AF2}.Release|Any CPU.Build.0 = Release|Any CPU
		{FCDD63DE-7561-4A40-BE52-5256664B127F}.Debug|Any CPU.ActiveCfg = Debug|Any CPU
		{FCDD63DE-7561-4A40-BE52-5256664B127F}.Debug|Any CPU.Build.0 = Debug|Any CPU
		{FCDD63DE-7561-4A40-BE52-5256664B127F}.Release|Any CPU.ActiveCfg = Release|Any CPU
		{FCDD63DE-7561-4A40-BE52-5256664B127F}.Release|Any CPU.Build.0 = Release|Any CPU
		{4E5A8710-1AE4-4E1A-A989-A90A3F0E5767}.Debug|Any CPU.ActiveCfg = Debug|Any CPU
		{4E5A8710-1AE4-4E1A-A989-A90A3F0E5767}.Debug|Any CPU.Build.0 = Debug|Any CPU
		{4E5A8710-1AE4-4E1A-A989-A90A3F0E5767}.Release|Any CPU.ActiveCfg = Release|Any CPU
		{4E5A8710-1AE4-4E1A-A989-A90A3F0E5767}.Release|Any CPU.Build.0 = Release|Any CPU
	EndGlobalSection
	GlobalSection(SolutionProperties) = preSolution
		HideSolutionNode = FALSE
	EndGlobalSection
	GlobalSection(NestedProjects) = preSolution
		{A38BD739-9602-47B5-B8D6-D95F7C2C17FB} = {B5A0B465-F57D-40BE-9580-E81DBB9E26FB}
		{872B62CC-C5BC-47E1-A342-E31A4E1CB6BE} = {05F1A25A-A4D1-461B-AF30-0A688179D3B0}
		{902C6AEC-5105-4536-A748-54971B5788F7} = {05F1A25A-A4D1-461B-AF30-0A688179D3B0}
		{4FDC51A0-AEC2-4976-B3CE-DEB02CA74DE4} = {B5A0B465-F57D-40BE-9580-E81DBB9E26FB}
		{F76AE8A3-7773-45D6-AD32-3C72527EC414} = {B5A0B465-F57D-40BE-9580-E81DBB9E26FB}
		{7760A95B-99BB-4120-980F-A2C362AB9AF2} = {B5A0B465-F57D-40BE-9580-E81DBB9E26FB}
		{FCDD63DE-7561-4A40-BE52-5256664B127F} = {05F1A25A-A4D1-461B-AF30-0A688179D3B0}
		{4E5A8710-1AE4-4E1A-A989-A90A3F0E5767} = {B5A0B465-F57D-40BE-9580-E81DBB9E26FB}
	EndGlobalSection
	GlobalSection(ExtensibilityGlobals) = postSolution
		SolutionGuid = {F726E7B1-5BEA-4B13-925F-061FFB50F188}
	EndGlobalSection
EndGlobal
